<?xml version="1.0" encoding="utf-8"?>
<Project ToolsVersion="4.0" xmlns="http://schemas.microsoft.com/developer/msbuild/2003">
  <ItemGroup>
    <Filter Include="源文件">
      <UniqueIdentifier>{4FC737F1-C7A5-4376-A066-2A32D752A2FF}</UniqueIdentifier>
      <Extensions>cpp;c;cc;cxx;c++;cppm;ixx;def;odl;idl;hpj;bat;asm;asmx</Extensions>
    </Filter>
    <Filter Include="头文件">
      <UniqueIdentifier>{93995380-89BD-4b04-88EB-625FBE52EBFB}</UniqueIdentifier>
      <Extensions>h;hh;hpp;hxx;h++;hm;inl;inc;ipp;xsd</Extensions>
    </Filter>
    <Filter Include="资源文件">
      <UniqueIdentifier>{67DA6AB6-F800-4c08-8B7A-83BB121AAD01}</UniqueIdentifier>
      <Extensions>rc;ico;cur;bmp;dlg;rc2;rct;bin;rgs;gif;jpg;jpeg;jpe;resx;tiff;tif;png;wav;mfcribbon-ms</Extensions>
    </Filter>
    <Filter Include="头文件\input">
      <UniqueIdentifier>{fb62f33a-49ee-4c1c-b411-088e5d04c2f4}</UniqueIdentifier>
    </Filter>
    <Filter Include="源文件\input">
      <UniqueIdentifier>{e25d9260-b0a5-40bd-856c-876b176d9dc1}</UniqueIdentifier>
    </Filter>
    <Filter Include="头文件\math">
      <UniqueIdentifier>{b4743772-36df-49b5-9431-725eb1113a2f}</UniqueIdentifier>
    </Filter>
    <Filter Include="头文件\rasterization">
      <UniqueIdentifier>{ec9f2e7d-6b7e-4581-92ac-0de917c65a5d}</UniqueIdentifier>
    </Filter>
  </ItemGroup>
  <ItemGroup>
    <ClCompile Include="entrance.cpp">
      <Filter>源文件</Filter>
    </ClCompile>
    <ClCompile Include="..\implement\inputdatabase.cpp">
      <Filter>源文件\input</Filter>
    </ClCompile>
    <ClCompile Include="..\implement\inputdate2D.cpp">
      <Filter>源文件\input</Filter>
    </ClCompile>
    <ClCompile Include="..\implement\rasterization\geometrymanager.cpp">
      <Filter>源文件</Filter>
    </ClCompile>
    <ClCompile Include="..\implement\rasterization\rendertarget.cpp">
      <Filter>源文件</Filter>
    </ClCompile>
    <ClCompile Include="..\implement\rasterization\pixel.cpp">
      <Filter>源文件</Filter>
    </ClCompile>
  </ItemGroup>
  <ItemGroup>
    <ClInclude Include="..\implement\inputdata2D.h">
      <Filter>头文件\input</Filter>
    </ClInclude>
    <ClInclude Include="..\implement\inputdatabase.h">
      <Filter>头文件\input</Filter>
    </ClInclude>
    <ClInclude Include="..\implement\tools\logger.h">
      <Filter>头文件</Filter>
    </ClInclude>
    <ClInclude Include="..\implement\tools\time.h">
      <Filter>头文件</Filter>
    </ClInclude>
    <ClInclude Include="..\implement\math\commondefine.h">
      <Filter>头文件\math</Filter>
    </ClInclude>
    <ClInclude Include="..\implement\math\vector.h">
      <Filter>头文件\math</Filter>
    </ClInclude>
    <ClInclude Include="..\implement\math\triangle.h">
      <Filter>头文件\math</Filter>
    </ClInclude>
    <ClInclude Include="..\implement\rasterization\geometrymanager.h">
      <Filter>头文件\rasterization</Filter>
    </ClInclude>
    <ClInclude Include="..\implement\rasterization\rendertarget.h">
      <Filter>头文件\rasterization</Filter>
    </ClInclude>
    <ClInclude Include="..\implement\rasterization\pixel.h">
      <Filter>头文件</Filter>
    </ClInclude>
    <ClInclude Include="..\implement\math\color.h">
      <Filter>头文件\math</Filter>
    </ClInclude>
  </ItemGroup>
</Project>